
Microsoft Visual Studio Solution File, Format Version 12.00
# Visual Studio Version 17
VisualStudioVersion = 17.3.32929.385
MinimumVisualStudioVersion = 10.0.40219.1
Project("{FAE04EC0-301F-11D3-BF4B-00C04F79EFBC}") = "Linq_Assignment", "Linq_Assignment\Linq_Assignment.csproj", "{515E0DEC-D9D5-4CF4-95F5-C9D3E817929B}"
EndProject
Global
	GlobalSection(SolutionConfigurationPlatforms) = preSolution
		Debug|Any CPU = Debug|Any CPU
		Release|Any CPU = Release|Any CPU
	EndGlobalSection
	GlobalSection(ProjectConfigurationPlatforms) = postSolution
		{515E0DEC-D9D5-4CF4-95F5-C9D3E817929B}.Debug|Any CPU.ActiveCfg = Debug|Any CPU
		{515E0DEC-D9D5-4CF4-95F5-C9D3E817929B}.Debug|Any CPU.Build.0 = Debug|Any CPU
		{515E0DEC-D9D5-4CF4-95F5-C9D3E817929B}.Release|Any CPU.ActiveCfg = Release|Any CPU
		{515E0DEC-D9D5-4CF4-95F5-C9D3E817929B}.Release|Any CPU.Build.0 = Release|Any CPU
	EndGlobalSection
	GlobalSection(SolutionProperties) = preSolution
		HideSolutionNode = FALSE
	EndGlobalSection
	GlobalSection(ExtensibilityGlobals) = postSolution
		SolutionGuid = {E014E45B-F49B-4DB5-8842-39C606269651}
	EndGlobalSection
EndGlobal
